// !$*UTF8*$!
{
	archiveVersion = 1;
	classes = {
	};
	objectVersion = 46;
	objects = {

/* Begin PBXBuildFile section */
		DF8AE41B1A1EB13500D690B6 /* AppDelegate.swift in Sources */ = {isa = PBXBuildFile; fileRef = DF8AE41A1A1EB13500D690B6 /* AppDelegate.swift */; };
		DF8AE41D1A1EB13500D690B6 /* ViewController.swift in Sources */ = {isa = PBXBuildFile; fileRef = DF8AE41C1A1EB13500D690B6 /* ViewController.swift */; };
		DF8AE4201A1EB13500D690B6 /* Main.storyboard in Resources */ = {isa = PBXBuildFile; fileRef = DF8AE41E1A1EB13500D690B6 /* Main.storyboard */; };
		DF8AE4221A1EB13500D690B6 /* Images.xcassets in Resources */ = {isa = PBXBuildFile; fileRef = DF8AE4211A1EB13500D690B6 /* Images.xcassets */; };
		DF8AE4251A1EB13500D690B6 /* LaunchScreen.xib in Resources */ = {isa = PBXBuildFile; fileRef = DF8AE4231A1EB13500D690B6 /* LaunchScreen.xib */; };
		DF8AE4311A1EB13500D690B6 /* SnakeTests.swift in Sources */ = {isa = PBXBuildFile; fileRef = DF8AE4301A1EB13500D690B6 /* SnakeTests.swift */; };
/* End PBXBuildFile section */

/* Begin PBXContainerItemProxy section */
		DF8AE42B1A1EB13500D690B6 /* PBXContainerItemProxy */ = {
			isa = PBXContainerItemProxy;
			containerPortal = DF8AE40D1A1EB13500D690B6 /* Project object */;
			proxyType = 1;
			remoteGlobalIDString = DF8AE4141A1EB13500D690B6;
			remoteInfo = Snake;
		};
/* End PBXContainerItemProxy section */

/* Begin PBXFileReference section */
		DF8AE4151A1EB13500D690B6 /* Snake.app */ = {isa = PBXFileReference; explicitFileType = wrapper.application; includeInIndex = 0; path = Snake.app; sourceTree = BUILT_PRODUCTS_DIR; };
		DF8AE4191A1EB13500D690B6 /* Info.plist */ = {isa = PBXFileReference; lastKnownFileType = text.plist.xml; path = Info.plist; sourceTree = "<group>"; };
		DF8AE41A1A1EB13500D690B6 /* AppDelegate.swift */ = {isa = PBXFileReference; lastKnownFileType = sourcecode.swift; path = AppDelegate.swift; sourceTree = "<group>"; };
		DF8AE41C1A1EB13500D690B6 /* ViewController.swift */ = {isa = PBXFileReference; lastKnownFileType = sourcecode.swift; path = ViewController.swift; sourceTree = "<group>"; };
		DF8AE41F1A1EB13500D690B6 /* Base */ = {isa = PBXFileReference; lastKnownFileType = file.storyboard; name = Base; path = Base.lproj/Main.storyboard; sourceTree = "<group>"; };
		DF8AE4211A1EB13500D690B6 /* Images.xcassets */ = {isa = PBXFileReference; lastKnownFileType = folder.assetcatalog; path = Images.xcassets; sourceTree = "<group>"; };
		DF8AE4241A1EB13500D690B6 /* Base */ = {isa = PBXFileReference; lastKnownFileType = file.xib; name = Base; path = Base.lproj/LaunchScreen.xib; sourceTree = "<group>"; };
		DF8AE42A1A1EB13500D690B6 /* SnakeTests.xctest */ = {isa = PBXFileReference; explicitFileType = wrapper.cfbundle; includeInIndex = 0; path = SnakeTests.xctest; sourceTree = BUILT_PRODUCTS_DIR; };
		DF8AE42F1A1EB13500D690B6 /* Info.plist */ = {isa = PBXFileReference; lastKnownFileType = text.plist.xml; path = Info.plist; sourceTree = "<group>"; };
		DF8AE4301A1EB13500D690B6 /* SnakeTests.swift */ = {isa = PBXFileReference; lastKnownFileType = sourcecode.swift; path = SnakeTests.swift; sourceTree = "<group>"; };
/* End PBXFileReference section */

/* Begin PBXFrameworksBuildPhase section */
		DF8AE4121A1EB13500D690B6 /* Frameworks */ = {
			isa = PBXFrameworksBuildPhase;
			buildActionMask = 2147483647;
			files = (
			);
			runOnlyForDeploymentPostprocessing = 0;
		};
		DF8AE4271A1EB13500D690B6 /* Frameworks */ = {
			isa = PBXFrameworksBuildPhase;
			buildActionMask = 2147483647;
			files = (
			);
			runOnlyForDeploymentPostprocessing = 0;
		};
/* End PBXFrameworksBuildPhase section */

/* Begin PBXGroup section */
		DF8AE40C1A1EB13500D690B6 = {
			isa = PBXGroup;
			children = (
				DF8AE4171A1EB13500D690B6 /* Snake */,
				DF8AE42D1A1EB13500D690B6 /* SnakeTests */,
				DF8AE4161A1EB13500D690B6 /* Products */,
			);
			sourceTree = "<group>";
		};
		DF8AE4161A1EB13500D690B6 /* Products */ = {
			isa = PBXGroup;
			children = (
				DF8AE4151A1EB13500D690B6 /* Snake.app */,
				DF8AE42A1A1EB13500D690B6 /* SnakeTests.xctest */,
			);
			name = Products;
			sourceTree = "<group>";
		};
		DF8AE4171A1EB13500D690B6 /* Snake */ = {
			isa = PBXGroup;
			children = (
				DF8AE41A1A1EB13500D690B6 /* AppDelegate.swift */,
				DF8AE41C1A1EB13500D690B6 /* ViewController.swift */,
				DF8AE41E1A1EB13500D690B6 /* Main.storyboard */,
				DF8AE4211A1EB13500D690B6 /* Images.xcassets */,
				DF8AE4231A1EB13500D690B6 /* LaunchScreen.xib */,
				DF8AE4181A1EB13500D690B6 /* Supporting Files */,
			);
			path = Snake;
			sourceTree = "<group>";
		};
		DF8AE4181A1EB13500D690B6 /* Supporting Files */ = {
			isa = PBXGroup;
			children = (
				DF8AE4191A1EB13500D690B6 /* Info.plist */,
			);
			name = "Supporting Files";
			sourceTree = "<group>";
		};
		DF8AE42D1A1EB13500D690B6 /* SnakeTests */ = {
			isa = PBXGroup;
			children = (
				DF8AE4301A1EB13500D690B6 /* SnakeTests.swift */,
				DF8AE42E1A1EB13500D690B6 /* Supporting Files */,
			);
			path = SnakeTests;
			sourceTree = "<group>";
		};
		DF8AE42E1A1EB13500D690B6 /* Supporting Files */ = {
			isa = PBXGroup;
			children = (
				DF8AE42F1A1EB13500D690B6 /* Info.plist */,
			);
			name = "Supporting Files";
			sourceTree = "<group>";
		};
/* End PBXGroup section */

/* Begin PBXNativeTarget section */
		DF8AE4141A1EB13500D690B6 /* Snake */ = {
			isa = PBXNativeTarget;
			buildConfigurationList = DF8AE4341A1EB13500D690B6 /* Build configuration list for PBXNativeTarget "Snake" */;
			buildPhases = (
				DF8AE4111A1EB13500D690B6 /* Sources */,
				DF8AE4121A1EB13500D690B6 /* Frameworks */,
				DF8AE4131A1EB13500D690B6 /* Resources */,
			);
			buildRules = (
			);
			dependencies = (
			);
			name = Snake;
			productName = Snake;
			productReference = DF8AE4151A1EB13500D690B6 /* Snake.app */;
			productType = "com.apple.product-type.application";
		};
		DF8AE4291A1EB13500D690B6 /* SnakeTests */ = {
			isa = PBXNativeTarget;
			buildConfigurationList = DF8AE4371A1EB13500D690B6 /* Build configuration list for PBXNativeTarget "SnakeTests" */;
			buildPhases = (
				DF8AE4261A1EB13500D690B6 /* Sources */,
				DF8AE4271A1EB13500D690B6 /* Frameworks */,
				DF8AE4281A1EB13500D690B6 /* Resources */,
			);
			buildRules = (
			);
			dependencies = (
				DF8AE42C1A1EB13500D690B6 /* PBXTargetDependency */,
			);
			name = SnakeTests;
			productName = SnakeTests;
			productReference = DF8AE42A1A1EB13500D690B6 /* SnakeTests.xctest */;
			productType = "com.apple.product-type.bundle.unit-test";
		};
/* End PBXNativeTarget section */

/* Begin PBXProject section */
		DF8AE40D1A1EB13500D690B6 /* Project object */ = {
			isa = PBXProject;
			attributes = {
				LastUpgradeCheck = 0620;
				ORGANIZATIONNAME = "David Cairns";
				TargetAttributes = {
					DF8AE4141A1EB13500D690B6 = {
						CreatedOnToolsVersion = 6.2;
					};
					DF8AE4291A1EB13500D690B6 = {
						CreatedOnToolsVersion = 6.2;
						TestTargetID = DF8AE4141A1EB13500D690B6;
					};
				};
			};
			buildConfigurationList = DF8AE4101A1EB13500D690B6 /* Build configuration list for PBXProject "Snake" */;
			compatibilityVersion = "Xcode 3.2";
			developmentRegion = English;
			hasScannedForEncodings = 0;
			knownRegions = (
				en,
				Base,
			);
			mainGroup = DF8AE40C1A1EB13500D690B6;
			productRefGroup = DF8AE4161A1EB13500D690B6 /* Products */;
			projectDirPath = "";
			projectRoot = "";
			targets = (
				DF8AE4141A1EB13500D690B6 /* Snake */,
				DF8AE4291A1EB13500D690B6 /* SnakeTests */,
			);
		};
/* End PBXProject section */

/* Begin PBXResourcesBuildPhase section */
		DF8AE4131A1EB13500D690B6 /* Resources */ = {
			isa = PBXResourcesBuildPhase;
			buildActionMask = 2147483647;
			files = (
				DF8AE4201A1EB13500D690B6 /* Main.storyboard in Resources */,
				DF8AE4251A1EB13500D690B6 /* LaunchScreen.xib in Resources */,
				DF8AE4221A1EB13500D690B6 /* Images.xcassets in Resources */,
			);
			runOnlyForDeploymentPostprocessing = 0;
		};
		DF8AE4281A1EB13500D690B6 /* Resources */ = {
			isa = PBXResourcesBuildPhase;
			buildActionMask = 2147483647;
			files = (
			);
			runOnlyForDeploymentPostprocessing = 0;
		};
/* End PBXResourcesBuildPhase section */

/* Begin PBXSourcesBuildPhase section */
		DF8AE4111A1EB13500D690B6 /* Sources */ = {
			isa = PBXSourcesBuildPhase;
			buildActionMask = 2147483647;
			files = (
				DF8AE41D1A1EB13500D690B6 /* ViewController.swift in Sources */,
				DF8AE41B1A1EB13500D690B6 /* AppDelegate.swift in Sources */,
			);
			runOnlyForDeploymentPostprocessing = 0;
		};
		DF8AE4261A1EB13500D690B6 /* Sources */ = {
			isa = PBXSourcesBuildPhase;
			buildActionMask = 2147483647;
			files = (
				DF8AE4311A1EB13500D690B6 /* SnakeTests.swift in Sources */,
			);
			runOnlyForDeploymentPostprocessing = 0;
		};
/* End PBXSourcesBuildPhase section */

/* Begin PBXTargetDependency section */
		DF8AE42C1A1EB13500D690B6 /* PBXTargetDependency */ = {
			isa = PBXTargetDependency;
			target = DF8AE4141A1EB13500D690B6 /* Snake */;
			targetProxy = DF8AE42B1A1EB13500D690B6 /* PBXContainerItemProxy */;
		};
/* End PBXTargetDependency section */

/* Begin PBXVariantGroup section */
		DF8AE41E1A1EB13500D690B6 /* Main.storyboard */ = {
			isa = PBXVariantGroup;
			children = (
				DF8AE41F1A1EB13500D690B6 /* Base */,
			);
			name = Main.storyboard;
			sourceTree = "<group>";
		};
		DF8AE4231A1EB13500D690B6 /* LaunchScreen.xib */ = {
			isa = PBXVariantGroup;
			children = (
				DF8AE4241A1EB13500D690B6 /* Base */,
			);
			name = LaunchScreen.xib;
			sourceTree = "<group>";
		};
/* End PBXVariantGroup section */

/* Begin XCBuildConfiguration section */
		DF8AE4321A1EB13500D690B6 /* Debug */ = {
			isa = XCBuildConfiguration;
			buildSettings = {
				ALWAYS_SEARCH_USER_PATHS = NO;
				CLANG_CXX_LANGUAGE_STANDARD = "gnu++0x";
				CLANG_CXX_LIBRARY = "libc++";
				CLANG_ENABLE_MODULES = YES;
				CLANG_ENABLE_OBJC_ARC = YES;
				CLANG_WARN_BOOL_CONVERSION = YES;
				CLANG_WARN_CONSTANT_CONVERSION = YES;
				CLANG_WARN_DIRECT_OBJC_ISA_USAGE = YES_ERROR;
				CLANG_WARN_EMPTY_BODY = YES;
				CLANG_WARN_ENUM_CONVERSION = YES;
				CLANG_WARN_INT_CONVERSION = YES;
				CLANG_WARN_OBJC_ROOT_CLASS = YES_ERROR;
				CLANG_WARN_UNREACHABLE_CODE = YES;
				CLANG_WARN__DUPLICATE_METHOD_MATCH = YES;
				"CODE_SIGN_IDENTITY[sdk=iphoneos*]" = "iPhone Developer";
				COPY_PHASE_STRIP = NO;
				ENABLE_STRICT_OBJC_MSGSEND = YES;
				GCC_C_LANGUAGE_STANDARD = gnu99;
				GCC_DYNAMIC_NO_PIC = NO;
				GCC_OPTIMIZATION_LEVEL = 0;
				GCC_PREPROCESSOR_DEFINITIONS = (
					"DEBUG=1",
					"$(inherited)",
				);
				GCC_SYMBOLS_PRIVATE_EXTERN = NO;
				GCC_WARN_64_TO_32_BIT_CONVERSION = YES;
				GCC_WARN_ABOUT_RETURN_TYPE = YES_ERROR;
				GCC_WARN_UNDECLARED_SELECTOR = YES;
				GCC_WARN_UNINITIALIZED_AUTOS = YES_AGGRESSIVE;
				GCC_WARN_UNUSED_FUNCTION = YES;
				GCC_WARN_UNUSED_VARIABLE = YES;
				IPHONEOS_DEPLOYMENT_TARGET = 8.2;
				MTL_ENABLE_DEBUG_INFO = YES;
				ONLY_ACTIVE_ARCH = YES;
				SDKROOT = iphoneos;
				SWIFT_OPTIMIZATION_LEVEL = "-Onone";
			};
			name = Debug;
		};
		DF8AE4331A1EB13500D690B6 /* Release */ = {
			isa = XCBuildConfiguration;
			buildSettings = {
				ALWAYS_SEARCH_USER_PATHS = NO;
				CLANG_CXX_LANGUAGE_STANDARD = "gnu++0x";
				CLANG_CXX_LIBRARY = "libc++";
				CLANG_ENABLE_MODULES = YES;
				CLANG_ENABLE_OBJC_ARC = YES;
				CLANG_WARN_BOOL_CONVERSION = YES;
				CLANG_WARN_CONSTANT_CONVERSION = YES;
				CLANG_WARN_DIRECT_OBJC_ISA_USAGE = YES_ERROR;
				CLANG_WARN_EMPTY_BODY = YES;
				CLANG_WARN_ENUM_CONVERSION = YES;
				CLANG_WARN_INT_CONVERSION = YES;
				CLANG_WARN_OBJC_ROOT_CLASS = YES_ERROR;
				CLANG_WARN_UNREACHABLE_CODE = YES;
				CLANG_WARN__DUPLICATE_METHOD_MATCH = YES;
				"CODE_SIGN_IDENTITY[sdk=iphoneos*]" = "iPhone Developer";
				COPY_PHASE_STRIP = YES;
				ENABLE_NS_ASSERTIONS = NO;
				ENABLE_STRICT_OBJC_MSGSEND = YES;
				GCC_C_LANGUAGE_STANDARD = gnu99;
				GCC_WARN_64_TO_32_BIT_CONVERSION = YES;
				GCC_WARN_ABOUT_RETURN_TYPE = YES_ERROR;
				GCC_WARN_UNDECLARED_SELECTOR = YES;
				GCC_WARN_UNINITIALIZED_AUTOS = YES_AGGRESSIVE;
				GCC_WARN_UNUSED_FUNCTION = YES;
				GCC_WARN_UNUSED_VARIABLE = YES;
				IPHONEOS_DEPLOYMENT_TARGET = 8.2;
				MTL_ENABLE_DEBUG_INFO = NO;
				SDKROOT = iphoneos;
				VALIDATE_PRODUCT = YES;
			};
			name = Release;
		};
		DF8AE4351A1EB13500D690B6 /* Debug */ = {
			isa = XCBuildConfiguration;
			buildSettings = {
				ASSETCATALOG_COMPILER_APPICON_NAME = AppIcon;
				INFOPLIST_FILE = Snake/Info.plist;
				LD_RUNPATH_SEARCH_PATHS = "$(inherited) @executable_path/Frameworks";
				PRODUCT_NAME = "$(TARGET_NAME)";
			};
			name = Debug;
		};
		DF8AE4361A1EB13500D690B6 /* Release */ = {
			isa = XCBuildConfiguration;
			buildSettings = {
				ASSETCATALOG_COMPILER_APPICON_NAME = AppIcon;
				INFOPLIST_FILE = Snake/Info.plist;
				LD_RUNPATH_SEARCH_PATHS = "$(inherited) @executable_path/Frameworks";
				PRODUCT_NAME = "$(TARGET_NAME)";
			};
			name = Release;
		};
		DF8AE4381A1EB13500D690B6 /* Debug */ = {
			isa = XCBuildConfiguration;
			buildSettings = {
				BUNDLE_LOADER = "$(TEST_HOST)";
				FRAMEWORK_SEARCH_PATHS = (
					"$(SDKROOT)/Developer/Library/Frameworks",
					"$(inherited)",
				);
				GCC_PREPROCESSOR_DEFINITIONS = (
					"DEBUG=1",
					"$(inherited)",
				);
				INFOPLIST_FILE = SnakeTests/Info.plist;
				LD_RUNPATH_SEARCH_PATHS = "$(inherited) @executable_path/Frameworks @loader_path/Frameworks";
				PRODUCT_NAME = "$(TARGET_NAME)";
				TEST_HOST = "$(BUILT_PRODUCTS_DIR)/Snake.app/Snake";
			};
			name = Debug;
		};
		DF8AE4391A1EB13500D690B6 /* Release */ = {
			isa = XCBuildConfiguration;
			buildSettings = {
				BUNDLE_LOADER = "$(TEST_HOST)";
				FRAMEWORK_SEARCH_PATHS = (
					"$(SDKROOT)/Developer/Library/Frameworks",
					"$(inherited)",
				);
				INFOPLIST_FILE = SnakeTests/Info.plist;
				LD_RUNPATH_SEARCH_PATHS = "$(inherited) @executable_path/Frameworks @loader_path/Frameworks";
				PRODUCT_NAME = "$(TARGET_NAME)";
				TEST_HOST = "$(BUILT_PRODUCTS_DIR)/Snake.app/Snake";
			};
			name = Release;
		};
/* End XCBuildConfiguration section */

/* Begin XCConfigurationList section */
		DF8AE4101A1EB13500D690B6 /* Build configuration list for PBXProject "Snake" */ = {
			isa = XCConfigurationList;
			buildConfigurations = (
				DF8AE4321A1EB13500D690B6 /* Debug */,
				DF8AE4331A1EB13500D690B6 /* Release */,
			);
			defaultConfigurationIsVisible = 0;
			defaultConfigurationName = Release;
		};
		DF8AE4341A1EB13500D690B6 /* Build configuration list for PBXNativeTarget "Snake" */ = {
			isa = XCConfigurationList;
			buildConfigurations = (
				DF8AE4351A1EB13500D690B6 /* Debug */,
				DF8AE4361A1EB13500D690B6 /* Release */,
			);
			defaultConfigurationIsVisible = 0;
		};
		DF8AE4371A1EB13500D690B6 /* Build configuration list for PBXNativeTarget "SnakeTests" */ = {
			isa = XCConfigurationList;
			buildConfigurations = (
				DF8AE4381A1EB13500D690B6 /* Debug */,
				DF8AE4391A1EB13500D690B6 /* Release */,
			);
			defaultConfigurationIsVisible = 0;
		};
/* End XCConfigurationList section */
	};
	rootObject = DF8AE40D1A1EB13500D690B6 /* Project object */;
}
